// !$*UTF8*$!
{
	archiveVersion = 1;
	classes = {
	};
	objectVersion = 46;
	objects = {

/* Begin PBXBuildFile section */
		4B3148C71EC4623B0088E6E9 /* AppDelegate.swift in Sources */ = {isa = PBXBuildFile; fileRef = 4B3148C61EC4623B0088E6E9 /* AppDelegate.swift */; };
		4B3148C91EC4623B0088E6E9 /* ViewController.swift in Sources */ = {isa = PBXBuildFile; fileRef = 4B3148C81EC4623B0088E6E9 /* ViewController.swift */; };
		4B3148CC1EC4623B0088E6E9 /* Main.storyboard in Resources */ = {isa = PBXBuildFile; fileRef = 4B3148CA1EC4623B0088E6E9 /* Main.storyboard */; };
		4B3148CE1EC4623B0088E6E9 /* Assets.xcassets in Resources */ = {isa = PBXBuildFile; fileRef = 4B3148CD1EC4623B0088E6E9 /* Assets.xcassets */; };
		4B3148D11EC4623B0088E6E9 /* LaunchScreen.storyboard in Resources */ = {isa = PBXBuildFile; fileRef = 4B3148CF1EC4623B0088E6E9 /* LaunchScreen.storyboard */; };
		4BA502411EC4873200B904AA /* HoverMenu.framework in Frameworks */ = {isa = PBXBuildFile; fileRef = 4BA502401EC4873200B904AA /* HoverMenu.framework */; };
		4BA502431EC4877900B904AA /* HoverMenu.framework in CopyFiles */ = {isa = PBXBuildFile; fileRef = 4BA502401EC4873200B904AA /* HoverMenu.framework */; settings = {ATTRIBUTES = (CodeSignOnCopy, RemoveHeadersOnCopy, ); }; };
/* End PBXBuildFile section */

/* Begin PBXCopyFilesBuildPhase section */
		4B3148FA1EC46FAE0088E6E9 /* CopyFiles */ = {
			isa = PBXCopyFilesBuildPhase;
			buildActionMask = 2147483647;
			dstPath = "";
			dstSubfolderSpec = 10;
			files = (
				4BA502431EC4877900B904AA /* HoverMenu.framework in CopyFiles */,
			);
			runOnlyForDeploymentPostprocessing = 0;
		};
/* End PBXCopyFilesBuildPhase section */

/* Begin PBXFileReference section */
		4B3148C31EC4623B0088E6E9 /* Demo.app */ = {isa = PBXFileReference; explicitFileType = wrapper.application; includeInIndex = 0; path = Demo.app; sourceTree = BUILT_PRODUCTS_DIR; };
		4B3148C61EC4623B0088E6E9 /* AppDelegate.swift */ = {isa = PBXFileReference; lastKnownFileType = sourcecode.swift; path = AppDelegate.swift; sourceTree = "<group>"; };
		4B3148C81EC4623B0088E6E9 /* ViewController.swift */ = {isa = PBXFileReference; lastKnownFileType = sourcecode.swift; path = ViewController.swift; sourceTree = "<group>"; };
		4B3148CB1EC4623B0088E6E9 /* Base */ = {isa = PBXFileReference; lastKnownFileType = file.storyboard; name = Base; path = Base.lproj/Main.storyboard; sourceTree = "<group>"; };
		4B3148CD1EC4623B0088E6E9 /* Assets.xcassets */ = {isa = PBXFileReference; lastKnownFileType = folder.assetcatalog; path = Assets.xcassets; sourceTree = "<group>"; };
		4B3148D01EC4623B0088E6E9 /* Base */ = {isa = PBXFileReference; lastKnownFileType = file.storyboard; name = Base; path = Base.lproj/LaunchScreen.storyboard; sourceTree = "<group>"; };
		4B3148D21EC4623B0088E6E9 /* Info.plist */ = {isa = PBXFileReference; lastKnownFileType = text.plist.xml; path = Info.plist; sourceTree = "<group>"; };
		4BA502401EC4873200B904AA /* HoverMenu.framework */ = {isa = PBXFileReference; lastKnownFileType = wrapper.framework; path = HoverMenu.framework; sourceTree = "<group>"; };
/* End PBXFileReference section */

/* Begin PBXFrameworksBuildPhase section */
		4B3148C01EC4623B0088E6E9 /* Frameworks */ = {
			isa = PBXFrameworksBuildPhase;
			buildActionMask = 2147483647;
			files = (
				4BA502411EC4873200B904AA /* HoverMenu.framework in Frameworks */,
			);
			runOnlyForDeploymentPostprocessing = 0;
		};
/* End PBXFrameworksBuildPhase section */

/* Begin PBXGroup section */
		4B3148BA1EC4623B0088E6E9 = {
			isa = PBXGroup;
			children = (
				4B3148C51EC4623B0088E6E9 /* Demo */,
				4B3148C41EC4623B0088E6E9 /* Products */,
				4B3148D81EC462CD0088E6E9 /* Frameworks */,
			);
			sourceTree = "<group>";
		};
		4B3148C41EC4623B0088E6E9 /* Products */ = {
			isa = PBXGroup;
			children = (
				4B3148C31EC4623B0088E6E9 /* Demo.app */,
			);
			name = Products;
			sourceTree = "<group>";
		};
		4B3148C51EC4623B0088E6E9 /* Demo */ = {
			isa = PBXGroup;
			children = (
				4B3148C61EC4623B0088E6E9 /* AppDelegate.swift */,
				4B3148C81EC4623B0088E6E9 /* ViewController.swift */,
				4B3148CA1EC4623B0088E6E9 /* Main.storyboard */,
				4B3148CD1EC4623B0088E6E9 /* Assets.xcassets */,
				4B3148CF1EC4623B0088E6E9 /* LaunchScreen.storyboard */,
				4B3148D21EC4623B0088E6E9 /* Info.plist */,
			);
			path = Demo;
			sourceTree = "<group>";
		};
		4B3148D81EC462CD0088E6E9 /* Frameworks */ = {
			isa = PBXGroup;
			children = (
				4BA502401EC4873200B904AA /* HoverMenu.framework */,
			);
			name = Frameworks;
			sourceTree = "<group>";
		};
/* End PBXGroup section */

/* Begin PBXNativeTarget section */
		4B3148C21EC4623B0088E6E9 /* Demo */ = {
			isa = PBXNativeTarget;
			buildConfigurationList = 4B3148D51EC4623B0088E6E9 /* Build configuration list for PBXNativeTarget "Demo" */;
			buildPhases = (
				4B3148BF1EC4623B0088E6E9 /* Sources */,
				4B3148C01EC4623B0088E6E9 /* Frameworks */,
				4B3148FA1EC46FAE0088E6E9 /* CopyFiles */,
				4B3148C11EC4623B0088E6E9 /* Resources */,
			);
			buildRules = (
			);
			dependencies = (
			);
			name = Demo;
			productName = Demo;
			productReference = 4B3148C31EC4623B0088E6E9 /* Demo.app */;
			productType = "com.apple.product-type.application";
		};
/* End PBXNativeTarget section */

/* Begin PBXProject section */
		4B3148BB1EC4623B0088E6E9 /* Project object */ = {
			isa = PBXProject;
			attributes = {
				LastSwiftUpdateCheck = 0830;
				LastUpgradeCheck = 0830;
				ORGANIZATIONNAME = on0z;
				TargetAttributes = {
					4B3148C21EC4623B0088E6E9 = {
						CreatedOnToolsVersion = 8.3.2;
						DevelopmentTeam = Y6NNK3UQHG;
						ProvisioningStyle = Automatic;
					};
				};
			};
			buildConfigurationList = 4B3148BE1EC4623B0088E6E9 /* Build configuration list for PBXProject "Demo" */;
			compatibilityVersion = "Xcode 3.2";
			developmentRegion = English;
			hasScannedForEncodings = 0;
			knownRegions = (
				en,
				Base,
			);
			mainGroup = 4B3148BA1EC4623B0088E6E9;
			productRefGroup = 4B3148C41EC4623B0088E6E9 /* Products */;
			projectDirPath = "";
			projectRoot = "";
			targets = (
				4B3148C21EC4623B0088E6E9 /* Demo */,
			);
		};
/* End PBXProject section */

/* Begin PBXResourcesBuildPhase section */
		4B3148C11EC4623B0088E6E9 /* Resources */ = {
			isa = PBXResourcesBuildPhase;
			buildActionMask = 2147483647;
			files = (
				4B3148D11EC4623B0088E6E9 /* LaunchScreen.storyboard in Resources */,
				4B3148CE1EC4623B0088E6E9 /* Assets.xcassets in Resources */,
				4B3148CC1EC4623B0088E6E9 /* Main.storyboard in Resources */,
			);
			runOnlyForDeploymentPostprocessing = 0;
		};
/* End PBXResourcesBuildPhase section */

/* Begin PBXSourcesBuildPhase section */
		4B3148BF1EC4623B0088E6E9 /* Sources */ = {
			isa = PBXSourcesBuildPhase;
			buildActionMask = 2147483647;
			files = (
				4B3148C91EC4623B0088E6E9 /* ViewController.swift in Sources */,
				4B3148C71EC4623B0088E6E9 /* AppDelegate.swift in Sources */,
			);
			runOnlyForDeploymentPostprocessing = 0;
		};
/* End PBXSourcesBuildPhase section */

/* Begin PBXVariantGroup section */
		4B3148CA1EC4623B0088E6E9 /* Main.storyboard */ = {
			isa = PBXVariantGroup;
			children = (
				4B3148CB1EC4623B0088E6E9 /* Base */,
			);
			name = Main.storyboard;
			sourceTree = "<group>";
		};
		4B3148CF1EC4623B0088E6E9 /* LaunchScreen.storyboard */ = {
			isa = PBXVariantGroup;
			children = (
				4B3148D01EC4623B0088E6E9 /* Base */,
			);
			name = LaunchScreen.storyboard;
			sourceTree = "<group>";
		};
/* End PBXVariantGroup section */

/* Begin XCBuildConfiguration section */
		4B3148D31EC4623B0088E6E9 /* Debug */ = {
			isa = XCBuildConfiguration;
			buildSettings = {
				ALWAYS_SEARCH_USER_PATHS = NO;
				CLANG_ANALYZER_NONNULL = YES;
				CLANG_ANALYZER_NUMBER_OBJECT_CONVERSION = YES_AGGRESSIVE;
				CLANG_CXX_LANGUAGE_STANDARD = "gnu++0x";
				CLANG_CXX_LIBRARY = "libc++";
				CLANG_ENABLE_MODULES = YES;
				CLANG_ENABLE_OBJC_ARC = YES;
				CLANG_WARN_BOOL_CONVERSION = YES;
				CLANG_WARN_CONSTANT_CONVERSION = YES;
				CLANG_WARN_DIRECT_OBJC_ISA_USAGE = YES_ERROR;
				CLANG_WARN_DOCUMENTATION_COMMENTS = YES;
				CLANG_WARN_EMPTY_BODY = YES;
				CLANG_WARN_ENUM_CONVERSION = YES;
				CLANG_WARN_INFINITE_RECURSION = YES;
				CLANG_WARN_INT_CONVERSION = YES;
				CLANG_WARN_OBJC_ROOT_CLASS = YES_ERROR;
				CLANG_WARN_SUSPICIOUS_MOVE = YES;
				CLANG_WARN_UNREACHABLE_CODE = YES;
				CLANG_WARN__DUPLICATE_METHOD_MATCH = YES;
				"CODE_SIGN_IDENTITY[sdk=iphoneos*]" = "iPhone Developer";
				COPY_PHASE_STRIP = NO;
				DEBUG_INFORMATION_FORMAT = dwarf;
				ENABLE_STRICT_OBJC_MSGSEND = YES;
				ENABLE_TESTABILITY = YES;
				GCC_C_LANGUAGE_STANDARD = gnu99;
				GCC_DYNAMIC_NO_PIC = NO;
				GCC_NO_COMMON_BLOCKS = YES;
				GCC_OPTIMIZATION_LEVEL = 0;
				GCC_PREPROCESSOR_DEFINITIONS = (
					"DEBUG=1",
					"$(inherited)",
				);
				GCC_WARN_64_TO_32_BIT_CONVERSION = YES;
				GCC_WARN_ABOUT_RETURN_TYPE = YES_ERROR;
				GCC_WARN_UNDECLARED_SELECTOR = YES;
				GCC_WARN_UNINITIALIZED_AUTOS = YES_AGGRESSIVE;
				GCC_WARN_UNUSED_FUNCTION = YES;
				GCC_WARN_UNUSED_VARIABLE = YES;
				IPHONEOS_DEPLOYMENT_TARGET = 10.3;
				MTL_ENABLE_DEBUG_INFO = YES;
				ONLY_ACTIVE_ARCH = YES;
				SDKROOT = iphoneos;
				SWIFT_ACTIVE_COMPILATION_CONDITIONS = DEBUG;
				SWIFT_OPTIMIZATION_LEVEL = "-Onone";
				TARGETED_DEVICE_FAMILY = "1,2";
			};
			name = Debug;
		};
		4B3148D41EC4623B0088E6E9 /* Release */ = {
			isa = XCBuildConfiguration;
			buildSettings = {
				ALWAYS_SEARCH_USER_PATHS = NO;
				CLANG_ANALYZER_NONNULL = YES;
				CLANG_ANALYZER_NUMBER_OBJECT_CONVERSION = YES_AGGRESSIVE;
				CLANG_CXX_LANGUAGE_STANDARD = "gnu++0x";
				CLANG_CXX_LIBRARY = "libc++";
				CLANG_ENABLE_MODULES = YES;
				CLANG_ENABLE_OBJC_ARC = YES;
				CLANG_WARN_BOOL_CONVERSION = YES;
				CLANG_WARN_CONSTANT_CONVERSION = YES;
				CLANG_WARN_DIRECT_OBJC_ISA_USAGE = YES_ERROR;
				CLANG_WARN_DOCUMENTATION_COMMENTS = YES;
				CLANG_WARN_EMPTY_BODY = YES;
				CLANG_WARN_ENUM_CONVERSION = YES;
				CLANG_WARN_INFINITE_RECURSION = YES;
				CLANG_WARN_INT_CONVERSION = YES;
				CLANG_WARN_OBJC_ROOT_CLASS = YES_ERROR;
				CLANG_WARN_SUSPICIOUS_MOVE = YES;
				CLANG_WARN_UNREACHABLE_CODE = YES;
				CLANG_WARN__DUPLICATE_METHOD_MATCH = YES;
				"CODE_SIGN_IDENTITY[sdk=iphoneos*]" = "iPhone Developer";
				COPY_PHASE_STRIP = NO;
				DEBUG_INFORMATION_FORMAT = "dwarf-with-dsym";
				ENABLE_NS_ASSERTIONS = NO;
				ENABLE_STRICT_OBJC_MSGSEND = YES;
				GCC_C_LANGUAGE_STANDARD = gnu99;
				GCC_NO_COMMON_BLOCKS = YES;
				GCC_WARN_64_TO_32_BIT_CONVERSION = YES;
				GCC_WARN_ABOUT_RETURN_TYPE = YES_ERROR;
				GCC_WARN_UNDECLARED_SELECTOR = YES;
				GCC_WARN_UNINITIALIZED_AUTOS = YES_AGGRESSIVE;
				GCC_WARN_UNUSED_FUNCTION = YES;
				GCC_WARN_UNUSED_VARIABLE = YES;
				IPHONEOS_DEPLOYMENT_TARGET = 10.3;
				MTL_ENABLE_DEBUG_INFO = NO;
				SDKROOT = iphoneos;
				SWIFT_OPTIMIZATION_LEVEL = "-Owholemodule";
				TARGETED_DEVICE_FAMILY = "1,2";
				VALIDATE_PRODUCT = YES;
			};
			name = Release;
		};
		4B3148D61EC4623B0088E6E9 /* Debug */ = {
			isa = XCBuildConfiguration;
			buildSettings = {
				ASSETCATALOG_COMPILER_APPICON_NAME = AppIcon;
				DEVELOPMENT_TEAM = Y6NNK3UQHG;
				FRAMEWORK_SEARCH_PATHS = "$(PROJECT_DIR)";
				INFOPLIST_FILE = Demo/Info.plist;
				IPHONEOS_DEPLOYMENT_TARGET = 9.0;
				LD_RUNPATH_SEARCH_PATHS = "$(inherited) @executable_path/Frameworks";
				PRODUCT_BUNDLE_IDENTIFIER = com.on0z.Demo;
				PRODUCT_NAME = "$(TARGET_NAME)";
				SWIFT_VERSION = 3.0;
			};
			name = Debug;
		};
		4B3148D71EC4623B0088E6E9 /* Release */ = {
			isa = XCBuildConfiguration;
			buildSettings = {
				ASSETCATALOG_COMPILER_APPICON_NAME = AppIcon;
				DEVELOPMENT_TEAM = Y6NNK3UQHG;
				FRAMEWORK_SEARCH_PATHS = "$(PROJECT_DIR)";
				INFOPLIST_FILE = Demo/Info.plist;
				IPHONEOS_DEPLOYMENT_TARGET = 9.0;
				LD_RUNPATH_SEARCH_PATHS = "$(inherited) @executable_path/Frameworks";
				PRODUCT_BUNDLE_IDENTIFIER = com.on0z.Demo;
				PRODUCT_NAME = "$(TARGET_NAME)";
				SWIFT_VERSION = 3.0;
			};
			name = Release;
		};
/* End XCBuildConfiguration section */

/* Begin XCConfigurationList section */
		4B3148BE1EC4623B0088E6E9 /* Build configuration list for PBXProject "Demo" */ = {
			isa = XCConfigurationList;
			buildConfigurations = (
				4B3148D31EC4623B0088E6E9 /* Debug */,
				4B3148D41EC4623B0088E6E9 /* Release */,
			);
			defaultConfigurationIsVisible = 0;
			defaultConfigurationName = Release;
		};
		4B3148D51EC4623B0088E6E9 /* Build configuration list for PBXNativeTarget "Demo" */ = {
			isa = XCConfigurationList;
			buildConfigurations = (
				4B3148D61EC4623B0088E6E9 /* Debug */,
				4B3148D71EC4623B0088E6E9 /* Release */,
			);
			defaultConfigurationIsVisible = 0;
			defaultConfigurationName = Release;
		};
/* End XCConfigurationList section */
	};
	rootObject = 4B3148BB1EC4623B0088E6E9 /* Project object */;
}
